
Microsoft Visual Studio Solution File, Format Version 12.00
# Visual Studio Version 17
VisualStudioVersion = 17.0.31903.59
MinimumVisualStudioVersion = 10.0.40219.1
Project("{9A19103F-16F7-4668-BE54-9A1E7A4F7556}") = "Presentation", "Presentation\Presentation.csproj", "{F35DF623-4790-430B-8C83-ECC3DC123F76}"
EndProject
Project("{9A19103F-16F7-4668-BE54-9A1E7A4F7556}") = "Application", "Application\Application.csproj", "{35319135-2A81-4FB6-8032-2FC7F893FB97}"
EndProject
Project("{9A19103F-16F7-4668-BE54-9A1E7A4F7556}") = "Domain", "Domain\Domain.csproj", "{EF95AB9A-5E09-45BE-94CE-F966685CFC37}"
EndProject
Project("{9A19103F-16F7-4668-BE54-9A1E7A4F7556}") = "Infrastructure", "Infrastructure\Infrastructure.csproj", "{67274538-160F-4500-89C5-4E89705B6568}"
EndProject
Project("{FAE04EC0-301F-11D3-BF4B-00C04F79EFBC}") = "PortfolioManagementSystem.Tests", "PortfolioManagementSystem.Tests\PortfolioManagementSystem.Tests.csproj", "{8CFDC69D-9853-4296-BCEF-7F979B599C96}"
EndProject
Global
	GlobalSection(SolutionConfigurationPlatforms) = preSolution
		Debug|Any CPU = Debug|Any CPU
		Release|Any CPU = Release|Any CPU
	EndGlobalSection
	GlobalSection(ProjectConfigurationPlatforms) = postSolution
		{F35DF623-4790-430B-8C83-ECC3DC123F76}.Debug|Any CPU.ActiveCfg = Debug|Any CPU
		{F35DF623-4790-430B-8C83-ECC3DC123F76}.Debug|Any CPU.Build.0 = Debug|Any CPU
		{F35DF623-4790-430B-8C83-ECC3DC123F76}.Release|Any CPU.ActiveCfg = Release|Any CPU
		{F35DF623-4790-430B-8C83-ECC3DC123F76}.Release|Any CPU.Build.0 = Release|Any CPU
		{35319135-2A81-4FB6-8032-2FC7F893FB97}.Debug|Any CPU.ActiveCfg = Debug|Any CPU
		{35319135-2A81-4FB6-8032-2FC7F893FB97}.Debug|Any CPU.Build.0 = Debug|Any CPU
		{35319135-2A81-4FB6-8032-2FC7F893FB97}.Release|Any CPU.ActiveCfg = Release|Any CPU
		{35319135-2A81-4FB6-8032-2FC7F893FB97}.Release|Any CPU.Build.0 = Release|Any CPU
		{EF95AB9A-5E09-45BE-94CE-F966685CFC37}.Debug|Any CPU.ActiveCfg = Debug|Any CPU
		{EF95AB9A-5E09-45BE-94CE-F966685CFC37}.Debug|Any CPU.Build.0 = Debug|Any CPU
		{EF95AB9A-5E09-45BE-94CE-F966685CFC37}.Release|Any CPU.ActiveCfg = Release|Any CPU
		{EF95AB9A-5E09-45BE-94CE-F966685CFC37}.Release|Any CPU.Build.0 = Release|Any CPU
		{67274538-160F-4500-89C5-4E89705B6568}.Debug|Any CPU.ActiveCfg = Debug|Any CPU
		{67274538-160F-4500-89C5-4E89705B6568}.Debug|Any CPU.Build.0 = Debug|Any CPU
		{67274538-160F-4500-89C5-4E89705B6568}.Release|Any CPU.ActiveCfg = Release|Any CPU
		{67274538-160F-4500-89C5-4E89705B6568}.Release|Any CPU.Build.0 = Release|Any CPU
		{8CFDC69D-9853-4296-BCEF-7F979B599C96}.Debug|Any CPU.ActiveCfg = Debug|Any CPU
		{8CFDC69D-9853-4296-BCEF-7F979B599C96}.Debug|Any CPU.Build.0 = Debug|Any CPU
		{8CFDC69D-9853-4296-BCEF-7F979B599C96}.Release|Any CPU.ActiveCfg = Release|Any CPU
		{8CFDC69D-9853-4296-BCEF-7F979B599C96}.Release|Any CPU.Build.0 = Release|Any CPU
	EndGlobalSection
	GlobalSection(SolutionProperties) = preSolution
		HideSolutionNode = FALSE
	EndGlobalSection
	GlobalSection(ExtensibilityGlobals) = postSolution
		SolutionGuid = {8DEB320D-0132-4D88-9F46-8A88DD3CCE73}
	EndGlobalSection
EndGlobal
